{
  "version": 4,
  "terraform_version": "0.12.3",
  "serial": 11,
  "lineage": "e004de77-a157-ff13-8b9c-4f58c34bec76",
  "outputs": {},
  "resources": [
    {
      "mode": "managed",
      "type": "azurerm_network_interface",
      "name": "myterraformnic",
      "provider": "provider.azurerm",
      "instances": [
        {
          "schema_version": 0,
          "attributes": {
            "applied_dns_servers": [],
            "dns_servers": [],
            "enable_accelerated_networking": false,
            "enable_ip_forwarding": false,
            "id": "/subscriptions/e0fae348-f6c2-45f5-87b7-c41c22782d8f/resourceGroups/user04-final-RG02/providers/Microsoft.Network/networkInterfaces/user04NIC",
            "internal_dns_name_label": "",
            "internal_fqdn": "",
            "ip_configuration": [
              {
                "application_gateway_backend_address_pools_ids": [],
                "application_security_group_ids": [],
                "load_balancer_backend_address_pools_ids": [],
                "load_balancer_inbound_nat_rules_ids": [],
                "name": "user04NicConfiguration",
                "primary": true,
                "private_ip_address": "",
                "private_ip_address_allocation": "dynamic",
                "private_ip_address_version": "IPv4",
                "public_ip_address_id": "/subscriptions/e0fae348-f6c2-45f5-87b7-c41c22782d8f/resourceGroups/user04-final-RG02/providers/Microsoft.Network/publicIPAddresses/user04PublicIP",
                "subnet_id": "/subscriptions/e0fae348-f6c2-45f5-87b7-c41c22782d8f/resourceGroups/user04-final-RG02/providers/Microsoft.Network/virtualNetworks/myVnet/subnets/user04Subnet1"
              }
            ],
            "location": "koreasouth",
            "mac_address": "",
            "name": "user04NIC",
            "network_security_group_id": "/subscriptions/e0fae348-f6c2-45f5-87b7-c41c22782d8f/resourceGroups/user04-final-RG02/providers/Microsoft.Network/networkSecurityGroups/user04NetworkSecurityGroup",
            "private_ip_address": "4.0.1.4",
            "private_ip_addresses": [
              "4.0.1.4"
            ],
            "resource_group_name": "user04-final-RG02",
            "tags": {
              "environment": "User04-final-NIC"
            },
            "virtual_machine_id": null
          },
          "depends_on": [
            "azurerm_network_security_group.myterraformnsg",
            "azurerm_public_ip.user04terraformpublicip",
            "azurerm_resource_group.user04-terraformgroup",
            "azurerm_subnet.user04terraformsubnet"
          ]
        }
      ]
    },
    {
      "mode": "managed",
      "type": "azurerm_network_security_group",
      "name": "myterraformnsg",
      "provider": "provider.azurerm",
      "instances": [
        {
          "schema_version": 0,
          "attributes": {
            "id": "/subscriptions/e0fae348-f6c2-45f5-87b7-c41c22782d8f/resourceGroups/user04-final-RG02/providers/Microsoft.Network/networkSecurityGroups/user04NetworkSecurityGroup",
            "location": "koreasouth",
            "name": "user04NetworkSecurityGroup",
            "resource_group_name": "user04-final-RG02",
            "security_rule": [
              {
                "access": "Allow",
                "description": "",
                "destination_address_prefix": "*",
                "destination_address_prefixes": [],
                "destination_application_security_group_ids": [],
                "destination_port_range": "22",
                "destination_port_ranges": [],
                "direction": "Inbound",
                "name": "SSH",
                "priority": 1001,
                "protocol": "Tcp",
                "source_address_prefix": "*",
                "source_address_prefixes": [],
                "source_application_security_group_ids": [],
                "source_port_range": "*",
                "source_port_ranges": []
              },
              {
                "access": "Allow",
                "description": "",
                "destination_address_prefix": "*",
                "destination_address_prefixes": [],
                "destination_application_security_group_ids": [],
                "destination_port_range": "80",
                "destination_port_ranges": [],
                "direction": "Inbound",
                "name": "HTTP",
                "priority": 2001,
                "protocol": "Tcp",
                "source_address_prefix": "*",
                "source_address_prefixes": [],
                "source_application_security_group_ids": [],
                "source_port_range": "*",
                "source_port_ranges": []
              }
            ],
            "tags": {
              "environment": "User04-final-SecurityGroup"
            }
          },
          "depends_on": [
            "azurerm_resource_group.user04-terraformgroup"
          ]
        }
      ]
    },
    {
      "mode": "managed",
      "type": "azurerm_public_ip",
      "name": "user04terraformpublicip",
      "provider": "provider.azurerm",
      "instances": [
        {
          "schema_version": 0,
          "attributes": {
            "allocation_method": "Dynamic",
            "domain_name_label": null,
            "fqdn": null,
            "id": "/subscriptions/e0fae348-f6c2-45f5-87b7-c41c22782d8f/resourceGroups/user04-final-RG02/providers/Microsoft.Network/publicIPAddresses/user04PublicIP",
            "idle_timeout_in_minutes": 4,
            "ip_address": "",
            "ip_version": "IPv4",
            "location": "koreasouth",
            "name": "user04PublicIP",
            "public_ip_address_allocation": "Dynamic",
            "public_ip_prefix_id": null,
            "resource_group_name": "user04-final-RG02",
            "reverse_fqdn": null,
            "sku": "Basic",
            "tags": {
              "environment": "User04-final-PublicIP"
            },
            "zones": []
          },
          "depends_on": [
            "azurerm_resource_group.user04-terraformgroup"
          ]
        }
      ]
    },
    {
      "mode": "managed",
      "type": "azurerm_resource_group",
      "name": "user04-terraformgroup",
      "provider": "provider.azurerm",
      "instances": [
        {
          "schema_version": 0,
          "attributes": {
            "id": "/subscriptions/e0fae348-f6c2-45f5-87b7-c41c22782d8f/resourceGroups/user04-final-RG02",
            "location": "koreasouth",
            "name": "user04-final-RG02",
            "tags": {
              "environment": "Terraform user04-final"
            }
          }
        }
      ]
    },
    {
      "mode": "managed",
      "type": "azurerm_subnet",
      "name": "user04terraformsubnet",
      "provider": "provider.azurerm",
      "instances": [
        {
          "schema_version": 0,
          "attributes": {
            "address_prefix": "4.0.1.0/24",
            "delegation": [],
            "id": "/subscriptions/e0fae348-f6c2-45f5-87b7-c41c22782d8f/resourceGroups/user04-final-RG02/providers/Microsoft.Network/virtualNetworks/myVnet/subnets/user04Subnet1",
            "ip_configurations": [
              "/subscriptions/e0fae348-f6c2-45f5-87b7-c41c22782d8f/resourceGroups/user04-final-RG02/providers/Microsoft.Network/networkInterfaces/user04NIC/ipConfigurations/user04NicConfiguration"
            ],
            "name": "user04Subnet1",
            "network_security_group_id": "",
            "resource_group_name": "user04-final-RG02",
            "route_table_id": "",
            "service_endpoints": [],
            "virtual_network_name": "myVnet"
          },
          "depends_on": [
            "azurerm_resource_group.user04-terraformgroup",
            "azurerm_virtual_network.myterraformnetwork"
          ]
        }
      ]
    },
    {
      "mode": "managed",
      "type": "azurerm_virtual_network",
      "name": "myterraformnetwork",
      "provider": "provider.azurerm",
      "instances": [
        {
          "schema_version": 0,
          "attributes": {
            "address_space": [
              "4.0.0.0/16"
            ],
            "ddos_protection_plan": [],
            "dns_servers": [],
            "id": "/subscriptions/e0fae348-f6c2-45f5-87b7-c41c22782d8f/resourceGroups/user04-final-RG02/providers/Microsoft.Network/virtualNetworks/myVnet",
            "location": "koreasouth",
            "name": "myVnet",
            "resource_group_name": "user04-final-RG02",
            "subnet": [
              {
                "address_prefix": "4.0.1.0/24",
                "id": "/subscriptions/e0fae348-f6c2-45f5-87b7-c41c22782d8f/resourceGroups/user04-final-RG02/providers/Microsoft.Network/virtualNetworks/myVnet/subnets/user04Subnet1",
                "name": "user04Subnet1",
                "security_group": ""
              }
            ],
            "tags": {
              "environment": "User04-final-Vnet"
            }
          },
          "depends_on": [
            "azurerm_resource_group.user04-terraformgroup"
          ]
        }
      ]
    }
  ]
}
