{
  "version": 4,
  "terraform_version": "0.12.3",
  "serial": 13,
  "lineage": "cbea739b-e43c-2c7b-9e12-fb95b7f1e90e",
  "outputs": {},
  "resources": [
    {
      "mode": "managed",
      "type": "aws_default_network_acl",
      "name": "dev_default",
      "provider": "provider.aws",
      "instances": [
        {
          "schema_version": 0,
          "attributes": {
            "default_network_acl_id": "acl-0240af4f88d5c2c9b",
            "egress": [
              {
                "action": "allow",
                "cidr_block": "0.0.0.0/0",
                "from_port": 0,
                "icmp_code": null,
                "icmp_type": null,
                "ipv6_cidr_block": "",
                "protocol": "-1",
                "rule_no": 100,
                "to_port": 0
              }
            ],
            "id": "acl-0240af4f88d5c2c9b",
            "ingress": [
              {
                "action": "allow",
                "cidr_block": "0.0.0.0/0",
                "from_port": 0,
                "icmp_code": null,
                "icmp_type": null,
                "ipv6_cidr_block": "",
                "protocol": "-1",
                "rule_no": 100,
                "to_port": 0
              }
            ],
            "owner_id": "715652651898",
            "subnet_ids": [
              "subnet-07d581f8d578d2253",
              "subnet-0de10842c96d32ec7"
            ],
            "tags": {
              "Name": "user04-final-dev-default"
            },
            "vpc_id": "vpc-0556049bd5f8fd1c5"
          },
          "private": "bnVsbA==",
          "depends_on": [
            "aws_subnet.subnet-a",
            "aws_subnet.subnet-b",
            "aws_vpc.dev"
          ]
        }
      ]
    },
    {
      "mode": "managed",
      "type": "aws_internet_gateway",
      "name": "dev",
      "provider": "provider.aws",
      "instances": [
        {
          "schema_version": 0,
          "attributes": {
            "id": "igw-039110be3ed746bf7",
            "owner_id": "715652651898",
            "tags": {
              "Name": "user04-final-IG"
            },
            "vpc_id": "vpc-0556049bd5f8fd1c5"
          },
          "private": "bnVsbA==",
          "depends_on": [
            "aws_vpc.dev"
          ]
        }
      ]
    },
    {
      "mode": "managed",
      "type": "aws_route_table",
      "name": "dev_public",
      "provider": "provider.aws",
      "instances": [
        {
          "schema_version": 0,
          "attributes": {
            "id": "rtb-073cb05a1a20f0391",
            "owner_id": "715652651898",
            "propagating_vgws": [],
            "route": [
              {
                "cidr_block": "0.0.0.0/0",
                "egress_only_gateway_id": "",
                "gateway_id": "igw-039110be3ed746bf7",
                "instance_id": "",
                "ipv6_cidr_block": "",
                "nat_gateway_id": "",
                "network_interface_id": "",
                "transit_gateway_id": "",
                "vpc_peering_connection_id": ""
              }
            ],
            "tags": {
              "Name": "user04-final-dev-public"
            },
            "vpc_id": "vpc-0556049bd5f8fd1c5"
          },
          "private": "bnVsbA==",
          "depends_on": [
            "aws_internet_gateway.dev",
            "aws_vpc.dev"
          ]
        }
      ]
    },
    {
      "mode": "managed",
      "type": "aws_route_table_association",
      "name": "dev_subnet-a",
      "provider": "provider.aws",
      "instances": [
        {
          "schema_version": 0,
          "attributes": {
            "id": "rtbassoc-07716e785c6260764",
            "route_table_id": "rtb-073cb05a1a20f0391",
            "subnet_id": "subnet-0de10842c96d32ec7"
          },
          "private": "bnVsbA==",
          "depends_on": [
            "aws_route_table.dev_public",
            "aws_subnet.subnet-a"
          ]
        }
      ]
    },
    {
      "mode": "managed",
      "type": "aws_route_table_association",
      "name": "dev_subnet-b",
      "provider": "provider.aws",
      "instances": [
        {
          "schema_version": 0,
          "attributes": {
            "id": "rtbassoc-0ca8453b03b11f187",
            "route_table_id": "rtb-073cb05a1a20f0391",
            "subnet_id": "subnet-07d581f8d578d2253"
          },
          "private": "bnVsbA==",
          "depends_on": [
            "aws_route_table.dev_public",
            "aws_subnet.subnet-b"
          ]
        }
      ]
    },
    {
      "mode": "managed",
      "type": "aws_subnet",
      "name": "subnet-a",
      "provider": "provider.aws",
      "instances": [
        {
          "schema_version": 1,
          "attributes": {
            "arn": "arn:aws:ec2:ap-northeast-1:715652651898:subnet/subnet-0de10842c96d32ec7",
            "assign_ipv6_address_on_creation": false,
            "availability_zone": "ap-northeast-1a",
            "availability_zone_id": "apne1-az4",
            "cidr_block": "104.0.1.0/24",
            "id": "subnet-0de10842c96d32ec7",
            "ipv6_cidr_block": "",
            "ipv6_cidr_block_association_id": "",
            "map_public_ip_on_launch": false,
            "owner_id": "715652651898",
            "tags": {
              "Name": "user04-final-subnet-a"
            },
            "timeouts": null,
            "vpc_id": "vpc-0556049bd5f8fd1c5"
          },
          "private": "eyJlMmJmYjczMC1lY2FhLTExZTYtOGY4OC0zNDM2M2JjN2M0YzAiOnsiY3JlYXRlIjo2MDAwMDAwMDAwMDAsImRlbGV0ZSI6MTIwMDAwMDAwMDAwMH0sInNjaGVtYV92ZXJzaW9uIjoiMSJ9",
          "depends_on": [
            "aws_vpc.dev"
          ]
        }
      ]
    },
    {
      "mode": "managed",
      "type": "aws_subnet",
      "name": "subnet-b",
      "provider": "provider.aws",
      "instances": [
        {
          "schema_version": 1,
          "attributes": {
            "arn": "arn:aws:ec2:ap-northeast-1:715652651898:subnet/subnet-07d581f8d578d2253",
            "assign_ipv6_address_on_creation": false,
            "availability_zone": "ap-northeast-1c",
            "availability_zone_id": "apne1-az1",
            "cidr_block": "104.0.2.0/24",
            "id": "subnet-07d581f8d578d2253",
            "ipv6_cidr_block": "",
            "ipv6_cidr_block_association_id": "",
            "map_public_ip_on_launch": false,
            "owner_id": "715652651898",
            "tags": {
              "Name": "user04-final-subnet-b"
            },
            "timeouts": null,
            "vpc_id": "vpc-0556049bd5f8fd1c5"
          },
          "private": "eyJlMmJmYjczMC1lY2FhLTExZTYtOGY4OC0zNDM2M2JjN2M0YzAiOnsiY3JlYXRlIjo2MDAwMDAwMDAwMDAsImRlbGV0ZSI6MTIwMDAwMDAwMDAwMH0sInNjaGVtYV92ZXJzaW9uIjoiMSJ9",
          "depends_on": [
            "aws_vpc.dev"
          ]
        }
      ]
    },
    {
      "mode": "managed",
      "type": "aws_vpc",
      "name": "dev",
      "provider": "provider.aws",
      "instances": [
        {
          "schema_version": 1,
          "attributes": {
            "arn": "arn:aws:ec2:ap-northeast-1:715652651898:vpc/vpc-0556049bd5f8fd1c5",
            "assign_generated_ipv6_cidr_block": false,
            "cidr_block": "104.0.0.0/16",
            "default_network_acl_id": "acl-0240af4f88d5c2c9b",
            "default_route_table_id": "rtb-09c4ff00777ebee62",
            "default_security_group_id": "sg-069834b91fec8e1b2",
            "dhcp_options_id": "dopt-0d9c2be86ee4efa1b",
            "enable_classiclink": false,
            "enable_classiclink_dns_support": false,
            "enable_dns_hostnames": true,
            "enable_dns_support": true,
            "id": "vpc-0556049bd5f8fd1c5",
            "instance_tenancy": "default",
            "ipv6_association_id": "",
            "ipv6_cidr_block": "",
            "main_route_table_id": "rtb-09c4ff00777ebee62",
            "owner_id": "715652651898",
            "tags": {
              "Name": "user04-final-vpc"
            }
          },
          "private": "eyJzY2hlbWFfdmVyc2lvbiI6IjEifQ=="
        }
      ]
    }
  ]
}
